
Microsoft Visual Studio Solution File, Format Version 12.00
# Visual Studio Version 17
VisualStudioVersion = 17.7.34024.191
MinimumVisualStudioVersion = 10.0.40219.1
Project("{9A19103F-16F7-4668-BE54-9A1E7A4F7556}") = "0_1", "0_1\0_1.csproj", "{A79872C1-C59E-4DF3-ADC8-F64693730B8D}"
EndProject
Project("{9A19103F-16F7-4668-BE54-9A1E7A4F7556}") = "0_2", "0_2\0_2.csproj", "{F7469CC7-C004-4AC3-96A8-030F288F4606}"
EndProject
Project("{FAE04EC0-301F-11D3-BF4B-00C04F79EFBC}") = "0_3TränaTester", "0_3TränaTester\0_3TränaTester.csproj", "{49F04D45-8DBC-48AD-87DA-23E87477E948}"
EndProject
Global
	GlobalSection(SolutionConfigurationPlatforms) = preSolution
		Debug|Any CPU = Debug|Any CPU
		Release|Any CPU = Release|Any CPU
	EndGlobalSection
	GlobalSection(ProjectConfigurationPlatforms) = postSolution
		{A79872C1-C59E-4DF3-ADC8-F64693730B8D}.Debug|Any CPU.ActiveCfg = Debug|Any CPU
		{A79872C1-C59E-4DF3-ADC8-F64693730B8D}.Debug|Any CPU.Build.0 = Debug|Any CPU
		{A79872C1-C59E-4DF3-ADC8-F64693730B8D}.Release|Any CPU.ActiveCfg = Release|Any CPU
		{A79872C1-C59E-4DF3-ADC8-F64693730B8D}.Release|Any CPU.Build.0 = Release|Any CPU
		{F7469CC7-C004-4AC3-96A8-030F288F4606}.Debug|Any CPU.ActiveCfg = Debug|Any CPU
		{F7469CC7-C004-4AC3-96A8-030F288F4606}.Debug|Any CPU.Build.0 = Debug|Any CPU
		{F7469CC7-C004-4AC3-96A8-030F288F4606}.Release|Any CPU.ActiveCfg = Release|Any CPU
		{F7469CC7-C004-4AC3-96A8-030F288F4606}.Release|Any CPU.Build.0 = Release|Any CPU
		{49F04D45-8DBC-48AD-87DA-23E87477E948}.Debug|Any CPU.ActiveCfg = Debug|Any CPU
		{49F04D45-8DBC-48AD-87DA-23E87477E948}.Debug|Any CPU.Build.0 = Debug|Any CPU
		{49F04D45-8DBC-48AD-87DA-23E87477E948}.Release|Any CPU.ActiveCfg = Release|Any CPU
		{49F04D45-8DBC-48AD-87DA-23E87477E948}.Release|Any CPU.Build.0 = Release|Any CPU
	EndGlobalSection
	GlobalSection(SolutionProperties) = preSolution
		HideSolutionNode = FALSE
	EndGlobalSection
	GlobalSection(ExtensibilityGlobals) = postSolution
		SolutionGuid = {5A9EAAF3-7979-44E1-8092-3B3B6985A884}
	EndGlobalSection
EndGlobal
